// !$*UTF8*$!
{
	archiveVersion = 1;
	classes = {
	};
	objectVersion = 46;
	objects = {

/* Begin PBXBuildFile section */
		2296CFD81EAF708500AD7D63 /* AppDelegate.swift in Sources */ = {isa = PBXBuildFile; fileRef = 2296CFD71EAF708500AD7D63 /* AppDelegate.swift */; };
		2296CFDA1EAF708500AD7D63 /* ViewController.swift in Sources */ = {isa = PBXBuildFile; fileRef = 2296CFD91EAF708500AD7D63 /* ViewController.swift */; };
		2296CFDF1EAF708500AD7D63 /* Assets.xcassets in Resources */ = {isa = PBXBuildFile; fileRef = 2296CFDE1EAF708500AD7D63 /* Assets.xcassets */; };
		2296CFE21EAF708500AD7D63 /* LaunchScreen.storyboard in Resources */ = {isa = PBXBuildFile; fileRef = 2296CFE01EAF708500AD7D63 /* LaunchScreen.storyboard */; };
/* End PBXBuildFile section */

/* Begin PBXFileReference section */
		2296CFD41EAF708500AD7D63 /* clicherLikeApp.app */ = {isa = PBXFileReference; explicitFileType = wrapper.application; includeInIndex = 0; path = clicherLikeApp.app; sourceTree = BUILT_PRODUCTS_DIR; };
		2296CFD71EAF708500AD7D63 /* AppDelegate.swift */ = {isa = PBXFileReference; lastKnownFileType = sourcecode.swift; path = AppDelegate.swift; sourceTree = "<group>"; };
		2296CFD91EAF708500AD7D63 /* ViewController.swift */ = {isa = PBXFileReference; lastKnownFileType = sourcecode.swift; path = ViewController.swift; sourceTree = "<group>"; };
		2296CFDE1EAF708500AD7D63 /* Assets.xcassets */ = {isa = PBXFileReference; lastKnownFileType = folder.assetcatalog; path = Assets.xcassets; sourceTree = "<group>"; };
		2296CFE11EAF708500AD7D63 /* Base */ = {isa = PBXFileReference; lastKnownFileType = file.storyboard; name = Base; path = Base.lproj/LaunchScreen.storyboard; sourceTree = "<group>"; };
		2296CFE31EAF708500AD7D63 /* Info.plist */ = {isa = PBXFileReference; lastKnownFileType = text.plist.xml; path = Info.plist; sourceTree = "<group>"; };
/* End PBXFileReference section */

/* Begin PBXFrameworksBuildPhase section */
		2296CFD11EAF708500AD7D63 /* Frameworks */ = {
			isa = PBXFrameworksBuildPhase;
			buildActionMask = 2147483647;
			files = (
			);
			runOnlyForDeploymentPostprocessing = 0;
		};
/* End PBXFrameworksBuildPhase section */

/* Begin PBXGroup section */
		2296CFCB1EAF708500AD7D63 = {
			isa = PBXGroup;
			children = (
				2296CFD61EAF708500AD7D63 /* clicherLikeApp */,
				2296CFD51EAF708500AD7D63 /* Products */,
			);
			sourceTree = "<group>";
		};
		2296CFD51EAF708500AD7D63 /* Products */ = {
			isa = PBXGroup;
			children = (
				2296CFD41EAF708500AD7D63 /* clicherLikeApp.app */,
			);
			name = Products;
			sourceTree = "<group>";
		};
		2296CFD61EAF708500AD7D63 /* clicherLikeApp */ = {
			isa = PBXGroup;
			children = (
				2296CFD71EAF708500AD7D63 /* AppDelegate.swift */,
				2296CFD91EAF708500AD7D63 /* ViewController.swift */,
				2296CFDE1EAF708500AD7D63 /* Assets.xcassets */,
				2296CFE01EAF708500AD7D63 /* LaunchScreen.storyboard */,
				2296CFE31EAF708500AD7D63 /* Info.plist */,
			);
			path = clicherLikeApp;
			sourceTree = "<group>";
		};
/* End PBXGroup section */

/* Begin PBXNativeTarget section */
		2296CFD31EAF708500AD7D63 /* clicherLikeApp */ = {
			isa = PBXNativeTarget;
			buildConfigurationList = 2296CFE61EAF708500AD7D63 /* Build configuration list for PBXNativeTarget "clicherLikeApp" */;
			buildPhases = (
				2296CFD01EAF708500AD7D63 /* Sources */,
				2296CFD11EAF708500AD7D63 /* Frameworks */,
				2296CFD21EAF708500AD7D63 /* Resources */,
			);
			buildRules = (
			);
			dependencies = (
			);
			name = clicherLikeApp;
			productName = clicherLikeApp;
			productReference = 2296CFD41EAF708500AD7D63 /* clicherLikeApp.app */;
			productType = "com.apple.product-type.application";
		};
/* End PBXNativeTarget section */

/* Begin PBXProject section */
		2296CFCC1EAF708500AD7D63 /* Project object */ = {
			isa = PBXProject;
			attributes = {
				LastSwiftUpdateCheck = 0830;
				LastUpgradeCheck = 0830;
				ORGANIZATIONNAME = Clicher;
				TargetAttributes = {
					2296CFD31EAF708500AD7D63 = {
						CreatedOnToolsVersion = 8.3.2;
						ProvisioningStyle = Automatic;
					};
				};
			};
			buildConfigurationList = 2296CFCF1EAF708500AD7D63 /* Build configuration list for PBXProject "clicherLikeApp" */;
			compatibilityVersion = "Xcode 3.2";
			developmentRegion = English;
			hasScannedForEncodings = 0;
			knownRegions = (
				en,
				Base,
			);
			mainGroup = 2296CFCB1EAF708500AD7D63;
			productRefGroup = 2296CFD51EAF708500AD7D63 /* Products */;
			projectDirPath = "";
			projectRoot = "";
			targets = (
				2296CFD31EAF708500AD7D63 /* clicherLikeApp */,
			);
		};
/* End PBXProject section */

/* Begin PBXResourcesBuildPhase section */
		2296CFD21EAF708500AD7D63 /* Resources */ = {
			isa = PBXResourcesBuildPhase;
			buildActionMask = 2147483647;
			files = (
				2296CFE21EAF708500AD7D63 /* LaunchScreen.storyboard in Resources */,
				2296CFDF1EAF708500AD7D63 /* Assets.xcassets in Resources */,
			);
			runOnlyForDeploymentPostprocessing = 0;
		};
/* End PBXResourcesBuildPhase section */

/* Begin PBXSourcesBuildPhase section */
		2296CFD01EAF708500AD7D63 /* Sources */ = {
			isa = PBXSourcesBuildPhase;
			buildActionMask = 2147483647;
			files = (
				2296CFDA1EAF708500AD7D63 /* ViewController.swift in Sources */,
				2296CFD81EAF708500AD7D63 /* AppDelegate.swift in Sources */,
			);
			runOnlyForDeploymentPostprocessing = 0;
		};
/* End PBXSourcesBuildPhase section */

/* Begin PBXVariantGroup section */
		2296CFE01EAF708500AD7D63 /* LaunchScreen.storyboard */ = {
			isa = PBXVariantGroup;
			children = (
				2296CFE11EAF708500AD7D63 /* Base */,
			);
			name = LaunchScreen.storyboard;
			sourceTree = "<group>";
		};
/* End PBXVariantGroup section */

/* Begin XCBuildConfiguration section */
		2296CFE41EAF708500AD7D63 /* Debug */ = {
			isa = XCBuildConfiguration;
			buildSettings = {
				ALWAYS_SEARCH_USER_PATHS = NO;
				CLANG_ANALYZER_NONNULL = YES;
				CLANG_ANALYZER_NUMBER_OBJECT_CONVERSION = YES_AGGRESSIVE;
				CLANG_CXX_LANGUAGE_STANDARD = "gnu++0x";
				CLANG_CXX_LIBRARY = "libc++";
				CLANG_ENABLE_MODULES = YES;
				CLANG_ENABLE_OBJC_ARC = YES;
				CLANG_WARN_BOOL_CONVERSION = YES;
				CLANG_WARN_CONSTANT_CONVERSION = YES;
				CLANG_WARN_DIRECT_OBJC_ISA_USAGE = YES_ERROR;
				CLANG_WARN_DOCUMENTATION_COMMENTS = YES;
				CLANG_WARN_EMPTY_BODY = YES;
				CLANG_WARN_ENUM_CONVERSION = YES;
				CLANG_WARN_INFINITE_RECURSION = YES;
				CLANG_WARN_INT_CONVERSION = YES;
				CLANG_WARN_OBJC_ROOT_CLASS = YES_ERROR;
				CLANG_WARN_SUSPICIOUS_MOVE = YES;
				CLANG_WARN_UNREACHABLE_CODE = YES;
				CLANG_WARN__DUPLICATE_METHOD_MATCH = YES;
				"CODE_SIGN_IDENTITY[sdk=iphoneos*]" = "iPhone Developer";
				COPY_PHASE_STRIP = NO;
				DEBUG_INFORMATION_FORMAT = dwarf;
				ENABLE_STRICT_OBJC_MSGSEND = YES;
				ENABLE_TESTABILITY = YES;
				GCC_C_LANGUAGE_STANDARD = gnu99;
				GCC_DYNAMIC_NO_PIC = NO;
				GCC_NO_COMMON_BLOCKS = YES;
				GCC_OPTIMIZATION_LEVEL = 0;
				GCC_PREPROCESSOR_DEFINITIONS = (
					"DEBUG=1",
					"$(inherited)",
				);
				GCC_WARN_64_TO_32_BIT_CONVERSION = YES;
				GCC_WARN_ABOUT_RETURN_TYPE = YES_ERROR;
				GCC_WARN_UNDECLARED_SELECTOR = YES;
				GCC_WARN_UNINITIALIZED_AUTOS = YES_AGGRESSIVE;
				GCC_WARN_UNUSED_FUNCTION = YES;
				GCC_WARN_UNUSED_VARIABLE = YES;
				IPHONEOS_DEPLOYMENT_TARGET = 10.3;
				MTL_ENABLE_DEBUG_INFO = YES;
				ONLY_ACTIVE_ARCH = YES;
				SDKROOT = iphoneos;
				SWIFT_ACTIVE_COMPILATION_CONDITIONS = DEBUG;
				SWIFT_OPTIMIZATION_LEVEL = "-Onone";
			};
			name = Debug;
		};
		2296CFE51EAF708500AD7D63 /* Release */ = {
			isa = XCBuildConfiguration;
			buildSettings = {
				ALWAYS_SEARCH_USER_PATHS = NO;
				CLANG_ANALYZER_NONNULL = YES;
				CLANG_ANALYZER_NUMBER_OBJECT_CONVERSION = YES_AGGRESSIVE;
				CLANG_CXX_LANGUAGE_STANDARD = "gnu++0x";
				CLANG_CXX_LIBRARY = "libc++";
				CLANG_ENABLE_MODULES = YES;
				CLANG_ENABLE_OBJC_ARC = YES;
				CLANG_WARN_BOOL_CONVERSION = YES;
				CLANG_WARN_CONSTANT_CONVERSION = YES;
				CLANG_WARN_DIRECT_OBJC_ISA_USAGE = YES_ERROR;
				CLANG_WARN_DOCUMENTATION_COMMENTS = YES;
				CLANG_WARN_EMPTY_BODY = YES;
				CLANG_WARN_ENUM_CONVERSION = YES;
				CLANG_WARN_INFINITE_RECURSION = YES;
				CLANG_WARN_INT_CONVERSION = YES;
				CLANG_WARN_OBJC_ROOT_CLASS = YES_ERROR;
				CLANG_WARN_SUSPICIOUS_MOVE = YES;
				CLANG_WARN_UNREACHABLE_CODE = YES;
				CLANG_WARN__DUPLICATE_METHOD_MATCH = YES;
				"CODE_SIGN_IDENTITY[sdk=iphoneos*]" = "iPhone Developer";
				COPY_PHASE_STRIP = NO;
				DEBUG_INFORMATION_FORMAT = "dwarf-with-dsym";
				ENABLE_NS_ASSERTIONS = NO;
				ENABLE_STRICT_OBJC_MSGSEND = YES;
				GCC_C_LANGUAGE_STANDARD = gnu99;
				GCC_NO_COMMON_BLOCKS = YES;
				GCC_WARN_64_TO_32_BIT_CONVERSION = YES;
				GCC_WARN_ABOUT_RETURN_TYPE = YES_ERROR;
				GCC_WARN_UNDECLARED_SELECTOR = YES;
				GCC_WARN_UNINITIALIZED_AUTOS = YES_AGGRESSIVE;
				GCC_WARN_UNUSED_FUNCTION = YES;
				GCC_WARN_UNUSED_VARIABLE = YES;
				IPHONEOS_DEPLOYMENT_TARGET = 10.3;
				MTL_ENABLE_DEBUG_INFO = NO;
				SDKROOT = iphoneos;
				SWIFT_OPTIMIZATION_LEVEL = "-Owholemodule";
				VALIDATE_PRODUCT = YES;
			};
			name = Release;
		};
		2296CFE71EAF708500AD7D63 /* Debug */ = {
			isa = XCBuildConfiguration;
			buildSettings = {
				ASSETCATALOG_COMPILER_APPICON_NAME = AppIcon;
				INFOPLIST_FILE = clicherLikeApp/Info.plist;
				LD_RUNPATH_SEARCH_PATHS = "$(inherited) @executable_path/Frameworks";
				PRODUCT_BUNDLE_IDENTIFIER = com.clicher.clicherLikeApp;
				PRODUCT_NAME = "$(TARGET_NAME)";
				SWIFT_VERSION = 3.0;
			};
			name = Debug;
		};
		2296CFE81EAF708500AD7D63 /* Release */ = {
			isa = XCBuildConfiguration;
			buildSettings = {
				ASSETCATALOG_COMPILER_APPICON_NAME = AppIcon;
				INFOPLIST_FILE = clicherLikeApp/Info.plist;
				LD_RUNPATH_SEARCH_PATHS = "$(inherited) @executable_path/Frameworks";
				PRODUCT_BUNDLE_IDENTIFIER = com.clicher.clicherLikeApp;
				PRODUCT_NAME = "$(TARGET_NAME)";
				SWIFT_VERSION = 3.0;
			};
			name = Release;
		};
/* End XCBuildConfiguration section */

/* Begin XCConfigurationList section */
		2296CFCF1EAF708500AD7D63 /* Build configuration list for PBXProject "clicherLikeApp" */ = {
			isa = XCConfigurationList;
			buildConfigurations = (
				2296CFE41EAF708500AD7D63 /* Debug */,
				2296CFE51EAF708500AD7D63 /* Release */,
			);
			defaultConfigurationIsVisible = 0;
			defaultConfigurationName = Release;
		};
		2296CFE61EAF708500AD7D63 /* Build configuration list for PBXNativeTarget "clicherLikeApp" */ = {
			isa = XCConfigurationList;
			buildConfigurations = (
				2296CFE71EAF708500AD7D63 /* Debug */,
				2296CFE81EAF708500AD7D63 /* Release */,
			);
			defaultConfigurationIsVisible = 0;
			defaultConfigurationName = Release;
		};
/* End XCConfigurationList section */
	};
	rootObject = 2296CFCC1EAF708500AD7D63 /* Project object */;
}
